
Microsoft Visual Studio Solution File, Format Version 12.00
# Visual Studio Version 17
VisualStudioVersion = 17.4.33403.182
MinimumVisualStudioVersion = 10.0.40219.1
Project("{9A19103F-16F7-4668-BE54-9A1E7A4F7556}") = "WindowCreation", "WindowCreation\WindowCreation.csproj", "{564EEF6A-E47E-49B3-B0CC-6B9F4C836F7B}"
EndProject
Project("{9A19103F-16F7-4668-BE54-9A1E7A4F7556}") = "App", "App\App.csproj", "{EF36FA95-42CC-4DEE-A69E-9EA14BD720B7}"
EndProject
Project("{9A19103F-16F7-4668-BE54-9A1E7A4F7556}") = "HelloTriangle", "HelloTriangle\HelloTriangle.csproj", "{64862E6B-DB7A-4B73-AC50-06FFF9E974EE}"
EndProject
Project("{9A19103F-16F7-4668-BE54-9A1E7A4F7556}") = "Extension", "Extension\Extension.csproj", "{D40E57CB-DA6E-4057-9EA1-3143E9CC3A75}"
EndProject
Project("{9A19103F-16F7-4668-BE54-9A1E7A4F7556}") = "Common", "Common\Common.csproj", "{16D89E6D-84D8-4CF0-853C-39A73275A066}"
EndProject
Project("{9A19103F-16F7-4668-BE54-9A1E7A4F7556}") = "ColorTriangle", "ColorTriangle\ColorTriangle.csproj", "{C45707AC-7BDD-4339-9417-A509436D928F}"
EndProject
Project("{9A19103F-16F7-4668-BE54-9A1E7A4F7556}") = "ElementBuffer", "ElementBuffer\ElementBuffer.csproj", "{4E30ACA7-E5CE-4F37-B652-6726FE02A5E4}"
EndProject
Project("{9A19103F-16F7-4668-BE54-9A1E7A4F7556}") = "Shaders", "Shaders\Shaders.csproj", "{67C9268E-ABE0-41BA-A841-4B4C59918E2B}"
EndProject
Project("{9A19103F-16F7-4668-BE54-9A1E7A4F7556}") = "Textures", "Textures\Textures.csproj", "{775B88FA-C6A7-44A3-B776-071686C87388}"
EndProject
Project("{9A19103F-16F7-4668-BE54-9A1E7A4F7556}") = "MultipleObjects", "MultipleObjects\MultipleObjects.csproj", "{C7615810-60B7-45AF-B249-6DD93619497F}"
EndProject
Global
	GlobalSection(SolutionConfigurationPlatforms) = preSolution
		Debug|Any CPU = Debug|Any CPU
		Release|Any CPU = Release|Any CPU
	EndGlobalSection
	GlobalSection(ProjectConfigurationPlatforms) = postSolution
		{564EEF6A-E47E-49B3-B0CC-6B9F4C836F7B}.Debug|Any CPU.ActiveCfg = Debug|Any CPU
		{564EEF6A-E47E-49B3-B0CC-6B9F4C836F7B}.Debug|Any CPU.Build.0 = Debug|Any CPU
		{564EEF6A-E47E-49B3-B0CC-6B9F4C836F7B}.Release|Any CPU.ActiveCfg = Release|Any CPU
		{564EEF6A-E47E-49B3-B0CC-6B9F4C836F7B}.Release|Any CPU.Build.0 = Release|Any CPU
		{EF36FA95-42CC-4DEE-A69E-9EA14BD720B7}.Debug|Any CPU.ActiveCfg = Debug|Any CPU
		{EF36FA95-42CC-4DEE-A69E-9EA14BD720B7}.Debug|Any CPU.Build.0 = Debug|Any CPU
		{EF36FA95-42CC-4DEE-A69E-9EA14BD720B7}.Release|Any CPU.ActiveCfg = Release|Any CPU
		{EF36FA95-42CC-4DEE-A69E-9EA14BD720B7}.Release|Any CPU.Build.0 = Release|Any CPU
		{64862E6B-DB7A-4B73-AC50-06FFF9E974EE}.Debug|Any CPU.ActiveCfg = Debug|Any CPU
		{64862E6B-DB7A-4B73-AC50-06FFF9E974EE}.Debug|Any CPU.Build.0 = Debug|Any CPU
		{64862E6B-DB7A-4B73-AC50-06FFF9E974EE}.Release|Any CPU.ActiveCfg = Release|Any CPU
		{64862E6B-DB7A-4B73-AC50-06FFF9E974EE}.Release|Any CPU.Build.0 = Release|Any CPU
		{D40E57CB-DA6E-4057-9EA1-3143E9CC3A75}.Debug|Any CPU.ActiveCfg = Debug|Any CPU
		{D40E57CB-DA6E-4057-9EA1-3143E9CC3A75}.Debug|Any CPU.Build.0 = Debug|Any CPU
		{D40E57CB-DA6E-4057-9EA1-3143E9CC3A75}.Release|Any CPU.ActiveCfg = Release|Any CPU
		{D40E57CB-DA6E-4057-9EA1-3143E9CC3A75}.Release|Any CPU.Build.0 = Release|Any CPU
		{16D89E6D-84D8-4CF0-853C-39A73275A066}.Debug|Any CPU.ActiveCfg = Debug|Any CPU
		{16D89E6D-84D8-4CF0-853C-39A73275A066}.Debug|Any CPU.Build.0 = Debug|Any CPU
		{16D89E6D-84D8-4CF0-853C-39A73275A066}.Release|Any CPU.ActiveCfg = Release|Any CPU
		{16D89E6D-84D8-4CF0-853C-39A73275A066}.Release|Any CPU.Build.0 = Release|Any CPU
		{C45707AC-7BDD-4339-9417-A509436D928F}.Debug|Any CPU.ActiveCfg = Debug|Any CPU
		{C45707AC-7BDD-4339-9417-A509436D928F}.Debug|Any CPU.Build.0 = Debug|Any CPU
		{C45707AC-7BDD-4339-9417-A509436D928F}.Release|Any CPU.ActiveCfg = Release|Any CPU
		{C45707AC-7BDD-4339-9417-A509436D928F}.Release|Any CPU.Build.0 = Release|Any CPU
		{4E30ACA7-E5CE-4F37-B652-6726FE02A5E4}.Debug|Any CPU.ActiveCfg = Debug|Any CPU
		{4E30ACA7-E5CE-4F37-B652-6726FE02A5E4}.Debug|Any CPU.Build.0 = Debug|Any CPU
		{4E30ACA7-E5CE-4F37-B652-6726FE02A5E4}.Release|Any CPU.ActiveCfg = Release|Any CPU
		{4E30ACA7-E5CE-4F37-B652-6726FE02A5E4}.Release|Any CPU.Build.0 = Release|Any CPU
		{67C9268E-ABE0-41BA-A841-4B4C59918E2B}.Debug|Any CPU.ActiveCfg = Debug|Any CPU
		{67C9268E-ABE0-41BA-A841-4B4C59918E2B}.Debug|Any CPU.Build.0 = Debug|Any CPU
		{67C9268E-ABE0-41BA-A841-4B4C59918E2B}.Release|Any CPU.ActiveCfg = Release|Any CPU
		{67C9268E-ABE0-41BA-A841-4B4C59918E2B}.Release|Any CPU.Build.0 = Release|Any CPU
		{775B88FA-C6A7-44A3-B776-071686C87388}.Debug|Any CPU.ActiveCfg = Debug|Any CPU
		{775B88FA-C6A7-44A3-B776-071686C87388}.Debug|Any CPU.Build.0 = Debug|Any CPU
		{775B88FA-C6A7-44A3-B776-071686C87388}.Release|Any CPU.ActiveCfg = Release|Any CPU
		{775B88FA-C6A7-44A3-B776-071686C87388}.Release|Any CPU.Build.0 = Release|Any CPU
		{C7615810-60B7-45AF-B249-6DD93619497F}.Debug|Any CPU.ActiveCfg = Debug|Any CPU
		{C7615810-60B7-45AF-B249-6DD93619497F}.Debug|Any CPU.Build.0 = Debug|Any CPU
		{C7615810-60B7-45AF-B249-6DD93619497F}.Release|Any CPU.ActiveCfg = Release|Any CPU
		{C7615810-60B7-45AF-B249-6DD93619497F}.Release|Any CPU.Build.0 = Release|Any CPU
	EndGlobalSection
	GlobalSection(SolutionProperties) = preSolution
		HideSolutionNode = FALSE
	EndGlobalSection
	GlobalSection(ExtensibilityGlobals) = postSolution
		SolutionGuid = {3D050548-9ADB-40D0-A136-907030E3345D}
	EndGlobalSection
EndGlobal
